
Microsoft Visual Studio Solution File, Format Version 12.00
# Visual Studio Version 17
VisualStudioVersion = 17.0.31903.59
MinimumVisualStudioVersion = 10.0.40219.1
Project("{2150E333-8FDC-42A3-9474-1A3956D46DE8}") = "src", "src", "{827E0CD3-B72D-47B6-A68D-7590B98EB39B}"
EndProject
Project("{FAE04EC0-301F-11D3-BF4B-00C04F79EFBC}") = "OrderSystem.Shared", "src\OrderSystem.Shared\OrderSystem.Shared.csproj", "{F2444635-A54A-4D87-B1D2-8FC487C5B621}"
EndProject
Project("{FAE04EC0-301F-11D3-BF4B-00C04F79EFBC}") = "OrderSystem.Api", "src\OrderSystem.Api\OrderSystem.Api.csproj", "{A0722C34-1E56-495B-8447-550A3EDB906D}"
EndProject
Project("{FAE04EC0-301F-11D3-BF4B-00C04F79EFBC}") = "OrderSystem.Worker", "src\OrderSystem.Worker\OrderSystem.Worker.csproj", "{DBDBDB7E-A38B-4206-9DE4-1560F54165B9}"
EndProject
Global
	GlobalSection(SolutionConfigurationPlatforms) = preSolution
		Debug|Any CPU = Debug|Any CPU
		Debug|x64 = Debug|x64
		Debug|x86 = Debug|x86
		Release|Any CPU = Release|Any CPU
		Release|x64 = Release|x64
		Release|x86 = Release|x86
	EndGlobalSection
	GlobalSection(ProjectConfigurationPlatforms) = postSolution
		{F2444635-A54A-4D87-B1D2-8FC487C5B621}.Debug|Any CPU.ActiveCfg = Debug|Any CPU
		{F2444635-A54A-4D87-B1D2-8FC487C5B621}.Debug|Any CPU.Build.0 = Debug|Any CPU
		{F2444635-A54A-4D87-B1D2-8FC487C5B621}.Debug|x64.ActiveCfg = Debug|Any CPU
		{F2444635-A54A-4D87-B1D2-8FC487C5B621}.Debug|x64.Build.0 = Debug|Any CPU
		{F2444635-A54A-4D87-B1D2-8FC487C5B621}.Debug|x86.ActiveCfg = Debug|Any CPU
		{F2444635-A54A-4D87-B1D2-8FC487C5B621}.Debug|x86.Build.0 = Debug|Any CPU
		{F2444635-A54A-4D87-B1D2-8FC487C5B621}.Release|Any CPU.ActiveCfg = Release|Any CPU
		{F2444635-A54A-4D87-B1D2-8FC487C5B621}.Release|Any CPU.Build.0 = Release|Any CPU
		{F2444635-A54A-4D87-B1D2-8FC487C5B621}.Release|x64.ActiveCfg = Release|Any CPU
		{F2444635-A54A-4D87-B1D2-8FC487C5B621}.Release|x64.Build.0 = Release|Any CPU
		{F2444635-A54A-4D87-B1D2-8FC487C5B621}.Release|x86.ActiveCfg = Release|Any CPU
		{F2444635-A54A-4D87-B1D2-8FC487C5B621}.Release|x86.Build.0 = Release|Any CPU
		{A0722C34-1E56-495B-8447-550A3EDB906D}.Debug|Any CPU.ActiveCfg = Debug|Any CPU
		{A0722C34-1E56-495B-8447-550A3EDB906D}.Debug|Any CPU.Build.0 = Debug|Any CPU
		{A0722C34-1E56-495B-8447-550A3EDB906D}.Debug|x64.ActiveCfg = Debug|Any CPU
		{A0722C34-1E56-495B-8447-550A3EDB906D}.Debug|x64.Build.0 = Debug|Any CPU
		{A0722C34-1E56-495B-8447-550A3EDB906D}.Debug|x86.ActiveCfg = Debug|Any CPU
		{A0722C34-1E56-495B-8447-550A3EDB906D}.Debug|x86.Build.0 = Debug|Any CPU
		{A0722C34-1E56-495B-8447-550A3EDB906D}.Release|Any CPU.ActiveCfg = Release|Any CPU
		{A0722C34-1E56-495B-8447-550A3EDB906D}.Release|Any CPU.Build.0 = Release|Any CPU
		{A0722C34-1E56-495B-8447-550A3EDB906D}.Release|x64.ActiveCfg = Release|Any CPU
		{A0722C34-1E56-495B-8447-550A3EDB906D}.Release|x64.Build.0 = Release|Any CPU
		{A0722C34-1E56-495B-8447-550A3EDB906D}.Release|x86.ActiveCfg = Release|Any CPU
		{A0722C34-1E56-495B-8447-550A3EDB906D}.Release|x86.Build.0 = Release|Any CPU
		{DBDBDB7E-A38B-4206-9DE4-1560F54165B9}.Debug|Any CPU.ActiveCfg = Debug|Any CPU
		{DBDBDB7E-A38B-4206-9DE4-1560F54165B9}.Debug|Any CPU.Build.0 = Debug|Any CPU
		{DBDBDB7E-A38B-4206-9DE4-1560F54165B9}.Debug|x64.ActiveCfg = Debug|Any CPU
		{DBDBDB7E-A38B-4206-9DE4-1560F54165B9}.Debug|x64.Build.0 = Debug|Any CPU
		{DBDBDB7E-A38B-4206-9DE4-1560F54165B9}.Debug|x86.ActiveCfg = Debug|Any CPU
		{DBDBDB7E-A38B-4206-9DE4-1560F54165B9}.Debug|x86.Build.0 = Debug|Any CPU
		{DBDBDB7E-A38B-4206-9DE4-1560F54165B9}.Release|Any CPU.ActiveCfg = Release|Any CPU
		{DBDBDB7E-A38B-4206-9DE4-1560F54165B9}.Release|Any CPU.Build.0 = Release|Any CPU
		{DBDBDB7E-A38B-4206-9DE4-1560F54165B9}.Release|x64.ActiveCfg = Release|Any CPU
		{DBDBDB7E-A38B-4206-9DE4-1560F54165B9}.Release|x64.Build.0 = Release|Any CPU
		{DBDBDB7E-A38B-4206-9DE4-1560F54165B9}.Release|x86.ActiveCfg = Release|Any CPU
		{DBDBDB7E-A38B-4206-9DE4-1560F54165B9}.Release|x86.Build.0 = Release|Any CPU
	EndGlobalSection
	GlobalSection(SolutionProperties) = preSolution
		HideSolutionNode = FALSE
	EndGlobalSection
	GlobalSection(NestedProjects) = preSolution
		{F2444635-A54A-4D87-B1D2-8FC487C5B621} = {827E0CD3-B72D-47B6-A68D-7590B98EB39B}
		{A0722C34-1E56-495B-8447-550A3EDB906D} = {827E0CD3-B72D-47B6-A68D-7590B98EB39B}
		{DBDBDB7E-A38B-4206-9DE4-1560F54165B9} = {827E0CD3-B72D-47B6-A68D-7590B98EB39B}
	EndGlobalSection
EndGlobal
